
Microsoft Visual Studio Solution File, Format Version 12.00
# Visual Studio Version 17
VisualStudioVersion = 17.9.34622.214
MinimumVisualStudioVersion = 10.0.40219.1
Project("{FAE04EC0-301F-11D3-BF4B-00C04F79EFBC}") = "23521558_lab01", "23521558_lab01.csproj", "{984AC920-3A9E-4336-9B74-36307FF207BB}"
EndProject
Global
	GlobalSection(SolutionConfigurationPlatforms) = preSolution
		Debug|Any CPU = Debug|Any CPU
		Release|Any CPU = Release|Any CPU
	EndGlobalSection
	GlobalSection(ProjectConfigurationPlatforms) = postSolution
		{984AC920-3A9E-4336-9B74-36307FF207BB}.Debug|Any CPU.ActiveCfg = Debug|Any CPU
		{984AC920-3A9E-4336-9B74-36307FF207BB}.Debug|Any CPU.Build.0 = Debug|Any CPU
		{984AC920-3A9E-4336-9B74-36307FF207BB}.Release|Any CPU.ActiveCfg = Release|Any CPU
		{984AC920-3A9E-4336-9B74-36307FF207BB}.Release|Any CPU.Build.0 = Release|Any CPU
	EndGlobalSection
	GlobalSection(SolutionProperties) = preSolution
		HideSolutionNode = FALSE
	EndGlobalSection
	GlobalSection(ExtensibilityGlobals) = postSolution
		SolutionGuid = {F6B841CB-2340-4D8E-9231-87841037E148}
	EndGlobalSection
EndGlobal
